
Microsoft Visual Studio Solution File, Format Version 12.00
# Visual Studio Version 17
VisualStudioVersion = 17.5.33516.290
MinimumVisualStudioVersion = 10.0.40219.1
Project("{9A19103F-16F7-4668-BE54-9A1E7A4F7556}") = "Adresy.Module", "Adresy.Module\Adresy.Module.csproj", "{D1B16DC7-9EEA-4F39-8BEB-321E0F1ADC82}"
EndProject
Project("{9A19103F-16F7-4668-BE54-9A1E7A4F7556}") = "Adresy.Win", "Adresy.Win\Adresy.Win.csproj", "{D772BD5B-9613-4A84-8DD7-D2D7FB3280A9}"
EndProject
Project("{9A19103F-16F7-4668-BE54-9A1E7A4F7556}") = "Adresy.Blazor.Server", "Adresy.Blazor.Server\Adresy.Blazor.Server.csproj", "{1EC501D2-B557-4A45-96FE-B0F1255A7CFD}"
EndProject
Project("{9A19103F-16F7-4668-BE54-9A1E7A4F7556}") = "Adresy.E2E.Tests", "Adresy.E2E.Tests\Adresy.E2E.Tests.csproj", "{F69C4B3D-1328-431F-8860-2CCCA2525CFB}"
EndProject
Project("{FAE04EC0-301F-11D3-BF4B-00C04F79EFBC}") = "ImportKodyGabos", "ImportKodyGabos\ImportKodyGabos.csproj", "{65BC47BF-B2FF-4094-AF60-69307D8A45E0}"
EndProject
Global
	GlobalSection(SolutionConfigurationPlatforms) = preSolution
		Debug|Any CPU = Debug|Any CPU
		EasyTest|Any CPU = EasyTest|Any CPU
		Release|Any CPU = Release|Any CPU
	EndGlobalSection
	GlobalSection(ProjectConfigurationPlatforms) = postSolution
		{D1B16DC7-9EEA-4F39-8BEB-321E0F1ADC82}.Debug|Any CPU.ActiveCfg = Debug|Any CPU
		{D1B16DC7-9EEA-4F39-8BEB-321E0F1ADC82}.Debug|Any CPU.Build.0 = Debug|Any CPU
		{D1B16DC7-9EEA-4F39-8BEB-321E0F1ADC82}.EasyTest|Any CPU.ActiveCfg = EasyTest|Any CPU
		{D1B16DC7-9EEA-4F39-8BEB-321E0F1ADC82}.EasyTest|Any CPU.Build.0 = EasyTest|Any CPU
		{D1B16DC7-9EEA-4F39-8BEB-321E0F1ADC82}.Release|Any CPU.ActiveCfg = Release|Any CPU
		{D1B16DC7-9EEA-4F39-8BEB-321E0F1ADC82}.Release|Any CPU.Build.0 = Release|Any CPU
		{D772BD5B-9613-4A84-8DD7-D2D7FB3280A9}.Debug|Any CPU.ActiveCfg = Debug|Any CPU
		{D772BD5B-9613-4A84-8DD7-D2D7FB3280A9}.Debug|Any CPU.Build.0 = Debug|Any CPU
		{D772BD5B-9613-4A84-8DD7-D2D7FB3280A9}.EasyTest|Any CPU.ActiveCfg = EasyTest|Any CPU
		{D772BD5B-9613-4A84-8DD7-D2D7FB3280A9}.EasyTest|Any CPU.Build.0 = EasyTest|Any CPU
		{D772BD5B-9613-4A84-8DD7-D2D7FB3280A9}.Release|Any CPU.ActiveCfg = Release|Any CPU
		{D772BD5B-9613-4A84-8DD7-D2D7FB3280A9}.Release|Any CPU.Build.0 = Release|Any CPU
		{1EC501D2-B557-4A45-96FE-B0F1255A7CFD}.Debug|Any CPU.ActiveCfg = Debug|Any CPU
		{1EC501D2-B557-4A45-96FE-B0F1255A7CFD}.Debug|Any CPU.Build.0 = Debug|Any CPU
		{1EC501D2-B557-4A45-96FE-B0F1255A7CFD}.EasyTest|Any CPU.ActiveCfg = EasyTest|Any CPU
		{1EC501D2-B557-4A45-96FE-B0F1255A7CFD}.EasyTest|Any CPU.Build.0 = EasyTest|Any CPU
		{1EC501D2-B557-4A45-96FE-B0F1255A7CFD}.Release|Any CPU.ActiveCfg = Release|Any CPU
		{1EC501D2-B557-4A45-96FE-B0F1255A7CFD}.Release|Any CPU.Build.0 = Release|Any CPU
		{F69C4B3D-1328-431F-8860-2CCCA2525CFB}.Debug|Any CPU.ActiveCfg = Debug|Any CPU
		{F69C4B3D-1328-431F-8860-2CCCA2525CFB}.Debug|Any CPU.Build.0 = Debug|Any CPU
		{F69C4B3D-1328-431F-8860-2CCCA2525CFB}.EasyTest|Any CPU.ActiveCfg = EasyTest|Any CPU
		{F69C4B3D-1328-431F-8860-2CCCA2525CFB}.EasyTest|Any CPU.Build.0 = EasyTest|Any CPU
		{F69C4B3D-1328-431F-8860-2CCCA2525CFB}.Release|Any CPU.ActiveCfg = Release|Any CPU
		{F69C4B3D-1328-431F-8860-2CCCA2525CFB}.Release|Any CPU.Build.0 = Release|Any CPU
		{65BC47BF-B2FF-4094-AF60-69307D8A45E0}.Debug|Any CPU.ActiveCfg = Debug|Any CPU
		{65BC47BF-B2FF-4094-AF60-69307D8A45E0}.Debug|Any CPU.Build.0 = Debug|Any CPU
		{65BC47BF-B2FF-4094-AF60-69307D8A45E0}.EasyTest|Any CPU.ActiveCfg = Debug|Any CPU
		{65BC47BF-B2FF-4094-AF60-69307D8A45E0}.EasyTest|Any CPU.Build.0 = Debug|Any CPU
		{65BC47BF-B2FF-4094-AF60-69307D8A45E0}.Release|Any CPU.ActiveCfg = Release|Any CPU
		{65BC47BF-B2FF-4094-AF60-69307D8A45E0}.Release|Any CPU.Build.0 = Release|Any CPU
	EndGlobalSection
	GlobalSection(SolutionProperties) = preSolution
		HideSolutionNode = FALSE
	EndGlobalSection
	GlobalSection(ExtensibilityGlobals) = postSolution
		SolutionGuid = {22D9DDAE-258C-4B7D-970C-57E164520E57}
	EndGlobalSection
EndGlobal
